
Microsoft Visual Studio Solution File, Format Version 12.00
# Visual Studio Version 17
VisualStudioVersion = 17.7.34202.233
MinimumVisualStudioVersion = 10.0.40219.1
Project("{9A19103F-16F7-4668-BE54-9A1E7A4F7556}") = "Domain", "src\Domain\Domain.csproj", "{2E731B76-3CB0-4231-A197-2138839FBE97}"
EndProject
Project("{9A19103F-16F7-4668-BE54-9A1E7A4F7556}") = "Application", "src\Application\Application.csproj", "{1C5F16A3-5A41-4B4D-BFDF-630725C9F964}"
EndProject
Project("{9A19103F-16F7-4668-BE54-9A1E7A4F7556}") = "WebAPI", "src\WebAPI\WebAPI.csproj", "{4A3FC435-D9C7-4E55-B122-C3854F442F8E}"
EndProject
Project("{9A19103F-16F7-4668-BE54-9A1E7A4F7556}") = "Infrastructure", "src\Infrastructure\Infrastructure.csproj", "{4B890B48-BC31-4CF8-AF6D-3663008FBAA4}"
EndProject
Project("{9A19103F-16F7-4668-BE54-9A1E7A4F7556}") = "Domain.Tests", "tests\Domain.Tests\Domain.Tests.csproj", "{0635D3F0-C885-4CD0-B377-1D57F80F139B}"
EndProject
Project("{2150E333-8FDC-42A3-9474-1A3956D46DE8}") = "02_Core", "02_Core", "{A807066B-A555-4221-8D3E-4EA9B51E6242}"
EndProject
Project("{2150E333-8FDC-42A3-9474-1A3956D46DE8}") = "03_Infra", "03_Infra", "{E48B7428-DF78-4499-BF15-0C512A8E34A6}"
EndProject
Project("{2150E333-8FDC-42A3-9474-1A3956D46DE8}") = "04_Tests", "04_Tests", "{22E338E0-61FD-4E57-B982-EE3487F9E4F3}"
EndProject
Project("{2150E333-8FDC-42A3-9474-1A3956D46DE8}") = "01_Web", "01_Web", "{EF1A9EBA-7054-410A-8E9F-DE9CE2BD9B90}"
EndProject
Project("{FAE04EC0-301F-11D3-BF4B-00C04F79EFBC}") = "WebAPP", "src\WebAPP\WebAPP.csproj", "{2D662ABA-1E3A-46E3-9F2B-98847F612120}"
EndProject
Global
	GlobalSection(SolutionConfigurationPlatforms) = preSolution
		Debug|Any CPU = Debug|Any CPU
		Release|Any CPU = Release|Any CPU
	EndGlobalSection
	GlobalSection(ProjectConfigurationPlatforms) = postSolution
		{2E731B76-3CB0-4231-A197-2138839FBE97}.Debug|Any CPU.ActiveCfg = Debug|Any CPU
		{2E731B76-3CB0-4231-A197-2138839FBE97}.Debug|Any CPU.Build.0 = Debug|Any CPU
		{2E731B76-3CB0-4231-A197-2138839FBE97}.Release|Any CPU.ActiveCfg = Release|Any CPU
		{2E731B76-3CB0-4231-A197-2138839FBE97}.Release|Any CPU.Build.0 = Release|Any CPU
		{1C5F16A3-5A41-4B4D-BFDF-630725C9F964}.Debug|Any CPU.ActiveCfg = Debug|Any CPU
		{1C5F16A3-5A41-4B4D-BFDF-630725C9F964}.Debug|Any CPU.Build.0 = Debug|Any CPU
		{1C5F16A3-5A41-4B4D-BFDF-630725C9F964}.Release|Any CPU.ActiveCfg = Release|Any CPU
		{1C5F16A3-5A41-4B4D-BFDF-630725C9F964}.Release|Any CPU.Build.0 = Release|Any CPU
		{4A3FC435-D9C7-4E55-B122-C3854F442F8E}.Debug|Any CPU.ActiveCfg = Debug|Any CPU
		{4A3FC435-D9C7-4E55-B122-C3854F442F8E}.Debug|Any CPU.Build.0 = Debug|Any CPU
		{4A3FC435-D9C7-4E55-B122-C3854F442F8E}.Release|Any CPU.ActiveCfg = Release|Any CPU
		{4A3FC435-D9C7-4E55-B122-C3854F442F8E}.Release|Any CPU.Build.0 = Release|Any CPU
		{4B890B48-BC31-4CF8-AF6D-3663008FBAA4}.Debug|Any CPU.ActiveCfg = Debug|Any CPU
		{4B890B48-BC31-4CF8-AF6D-3663008FBAA4}.Debug|Any CPU.Build.0 = Debug|Any CPU
		{4B890B48-BC31-4CF8-AF6D-3663008FBAA4}.Release|Any CPU.ActiveCfg = Release|Any CPU
		{4B890B48-BC31-4CF8-AF6D-3663008FBAA4}.Release|Any CPU.Build.0 = Release|Any CPU
		{0635D3F0-C885-4CD0-B377-1D57F80F139B}.Debug|Any CPU.ActiveCfg = Debug|Any CPU
		{0635D3F0-C885-4CD0-B377-1D57F80F139B}.Debug|Any CPU.Build.0 = Debug|Any CPU
		{0635D3F0-C885-4CD0-B377-1D57F80F139B}.Release|Any CPU.ActiveCfg = Release|Any CPU
		{0635D3F0-C885-4CD0-B377-1D57F80F139B}.Release|Any CPU.Build.0 = Release|Any CPU
		{2D662ABA-1E3A-46E3-9F2B-98847F612120}.Debug|Any CPU.ActiveCfg = Debug|Any CPU
		{2D662ABA-1E3A-46E3-9F2B-98847F612120}.Debug|Any CPU.Build.0 = Debug|Any CPU
		{2D662ABA-1E3A-46E3-9F2B-98847F612120}.Release|Any CPU.ActiveCfg = Release|Any CPU
		{2D662ABA-1E3A-46E3-9F2B-98847F612120}.Release|Any CPU.Build.0 = Release|Any CPU
	EndGlobalSection
	GlobalSection(SolutionProperties) = preSolution
		HideSolutionNode = FALSE
	EndGlobalSection
	GlobalSection(NestedProjects) = preSolution
		{2E731B76-3CB0-4231-A197-2138839FBE97} = {A807066B-A555-4221-8D3E-4EA9B51E6242}
		{1C5F16A3-5A41-4B4D-BFDF-630725C9F964} = {A807066B-A555-4221-8D3E-4EA9B51E6242}
		{4A3FC435-D9C7-4E55-B122-C3854F442F8E} = {EF1A9EBA-7054-410A-8E9F-DE9CE2BD9B90}
		{4B890B48-BC31-4CF8-AF6D-3663008FBAA4} = {E48B7428-DF78-4499-BF15-0C512A8E34A6}
		{0635D3F0-C885-4CD0-B377-1D57F80F139B} = {22E338E0-61FD-4E57-B982-EE3487F9E4F3}
		{2D662ABA-1E3A-46E3-9F2B-98847F612120} = {EF1A9EBA-7054-410A-8E9F-DE9CE2BD9B90}
	EndGlobalSection
	GlobalSection(ExtensibilityGlobals) = postSolution
		SolutionGuid = {F3C4843B-24D1-4FDF-998F-3ABE402C2805}
	EndGlobalSection
EndGlobal
